# THIS IS AN AUTOGENERATED FILE. DO NOT EDIT THIS FILE DIRECTLY.
# yarn lockfile v1


"@hono/node-server@^1.14.2":
  version "1.19.7"
  resolved "https://registry.yarnpkg.com/@hono/node-server/-/node-server-1.19.7.tgz#ecb2d3a7af40d1d378e53ce1fc1219f199fbcd6f"
  integrity sha512-vUcD0uauS7EU2caukW8z5lJKtoGMokxNbJtBiwHgpqxEXokaHCBkQUmCHhjFB1VUTWdqj25QoMkMKzgjq+uhrw==

hono@^4.7.10:
  version "4.11.3"
  resolved "https://registry.yarnpkg.com/hono/-/hono-4.11.3.tgz#4ddd985d50944b527feea930c6d0a6e80fdebc66"
  integrity sha512-PmQi306+M/ct/m5s66Hrg+adPnkD5jiO6IjA7WhWw0gSBSo1EcRegwuI1deZ+wd5pzCGynCcn2DprnE4/yEV4w==
